// !$*UTF8*$!
{
	archiveVersion = 1;
	classes = {
	};
	objectVersion = 50;
	objects = {

/* Begin PBXBuildFile section */
		15E12C8D094D3142CE26996E /* Pods_ModuleUITests.framework in Frameworks */ = {isa = PBXBuildFile; fileRef = F8273227EEF4F36C29E68667 /* Pods_ModuleUITests.framework */; };
		52494282F38CFFCBB0BF92D1 /* Pods_ModuleTests.framework in Frameworks */ = {isa = PBXBuildFile; fileRef = 78DE0CA28492CEFC5E065528 /* Pods_ModuleTests.framework */; };
		B18FEA7BD81BD8290737BD04 /* Pods_Module.framework in Frameworks */ = {isa = PBXBuildFile; fileRef = 7A4E67382B499B7BD9F7DA80 /* Pods_Module.framework */; };
		DC567FB6214252AA00632749 /* Register.swift in Sources */ = {isa = PBXBuildFile; fileRef = DC567FB5214252AA00632749 /* Register.swift */; };
		DC567FB821425CDC00632749 /* Default.swift in Sources */ = {isa = PBXBuildFile; fileRef = DC567FB721425CDC00632749 /* Default.swift */; };
		DC890933214651C50050CAD2 /* Map.swift in Sources */ = {isa = PBXBuildFile; fileRef = DC890932214651C50050CAD2 /* Map.swift */; };
		DC974EED21412ECC00FE45CF /* AppDelegate.swift in Sources */ = {isa = PBXBuildFile; fileRef = DC974EEC21412ECC00FE45CF /* AppDelegate.swift */; };
		DC974EEF21412ECC00FE45CF /* ViewController.swift in Sources */ = {isa = PBXBuildFile; fileRef = DC974EEE21412ECC00FE45CF /* ViewController.swift */; };
		DC974EF221412ECC00FE45CF /* Main.storyboard in Resources */ = {isa = PBXBuildFile; fileRef = DC974EF021412ECC00FE45CF /* Main.storyboard */; };
		DC974EF421412ED200FE45CF /* Assets.xcassets in Resources */ = {isa = PBXBuildFile; fileRef = DC974EF321412ED200FE45CF /* Assets.xcassets */; };
		DC974EF721412ED200FE45CF /* LaunchScreen.storyboard in Resources */ = {isa = PBXBuildFile; fileRef = DC974EF521412ED200FE45CF /* LaunchScreen.storyboard */; };
		DC974F0221412ED200FE45CF /* ModuleTests.swift in Sources */ = {isa = PBXBuildFile; fileRef = DC974F0121412ED200FE45CF /* ModuleTests.swift */; };
		DC974F0D21412ED300FE45CF /* ModuleUITests.swift in Sources */ = {isa = PBXBuildFile; fileRef = DC974F0C21412ED300FE45CF /* ModuleUITests.swift */; };
		DC974F1B2141435F00FE45CF /* Login.swift in Sources */ = {isa = PBXBuildFile; fileRef = DC974F1A2141435F00FE45CF /* Login.swift */; };
		DCB5BEC2214A389500B03F5E /* SearchResultsController.swift in Sources */ = {isa = PBXBuildFile; fileRef = DCB5BEC1214A389400B03F5E /* SearchResultsController.swift */; };
/* End PBXBuildFile section */

/* Begin PBXContainerItemProxy section */
		DC974EFE21412ED200FE45CF /* PBXContainerItemProxy */ = {
			isa = PBXContainerItemProxy;
			containerPortal = DC974EE121412ECC00FE45CF /* Project object */;
			proxyType = 1;
			remoteGlobalIDString = DC974EE821412ECC00FE45CF;
			remoteInfo = Module;
		};
		DC974F0921412ED300FE45CF /* PBXContainerItemProxy */ = {
			isa = PBXContainerItemProxy;
			containerPortal = DC974EE121412ECC00FE45CF /* Project object */;
			proxyType = 1;
			remoteGlobalIDString = DC974EE821412ECC00FE45CF;
			remoteInfo = Module;
		};
/* End PBXContainerItemProxy section */

/* Begin PBXFileReference section */
		229FFD2B908A08DE79177598 /* Pods-ModuleTests.debug.xcconfig */ = {isa = PBXFileReference; includeInIndex = 1; lastKnownFileType = text.xcconfig; name = "Pods-ModuleTests.debug.xcconfig"; path = "Pods/Target Support Files/Pods-ModuleTests/Pods-ModuleTests.debug.xcconfig"; sourceTree = "<group>"; };
		6066875145EFE0A00E9A6663 /* Pods-ModuleUITests.release.xcconfig */ = {isa = PBXFileReference; includeInIndex = 1; lastKnownFileType = text.xcconfig; name = "Pods-ModuleUITests.release.xcconfig"; path = "Pods/Target Support Files/Pods-ModuleUITests/Pods-ModuleUITests.release.xcconfig"; sourceTree = "<group>"; };
		71D14138321179F63425ED54 /* Pods-Module.debug.xcconfig */ = {isa = PBXFileReference; includeInIndex = 1; lastKnownFileType = text.xcconfig; name = "Pods-Module.debug.xcconfig"; path = "Pods/Target Support Files/Pods-Module/Pods-Module.debug.xcconfig"; sourceTree = "<group>"; };
		743C763405080B32E99A3073 /* Pods-Module.release.xcconfig */ = {isa = PBXFileReference; includeInIndex = 1; lastKnownFileType = text.xcconfig; name = "Pods-Module.release.xcconfig"; path = "Pods/Target Support Files/Pods-Module/Pods-Module.release.xcconfig"; sourceTree = "<group>"; };
		78DE0CA28492CEFC5E065528 /* Pods_ModuleTests.framework */ = {isa = PBXFileReference; explicitFileType = wrapper.framework; includeInIndex = 0; path = Pods_ModuleTests.framework; sourceTree = BUILT_PRODUCTS_DIR; };
		7A4E67382B499B7BD9F7DA80 /* Pods_Module.framework */ = {isa = PBXFileReference; explicitFileType = wrapper.framework; includeInIndex = 0; path = Pods_Module.framework; sourceTree = BUILT_PRODUCTS_DIR; };
		9223C46FD98849EDDFF71571 /* Pods-ModuleUITests.debug.xcconfig */ = {isa = PBXFileReference; includeInIndex = 1; lastKnownFileType = text.xcconfig; name = "Pods-ModuleUITests.debug.xcconfig"; path = "Pods/Target Support Files/Pods-ModuleUITests/Pods-ModuleUITests.debug.xcconfig"; sourceTree = "<group>"; };
		CB115034D7AD6A11181D7A73 /* Pods-ModuleTests.release.xcconfig */ = {isa = PBXFileReference; includeInIndex = 1; lastKnownFileType = text.xcconfig; name = "Pods-ModuleTests.release.xcconfig"; path = "Pods/Target Support Files/Pods-ModuleTests/Pods-ModuleTests.release.xcconfig"; sourceTree = "<group>"; };
		DC567FB5214252AA00632749 /* Register.swift */ = {isa = PBXFileReference; lastKnownFileType = sourcecode.swift; path = Register.swift; sourceTree = "<group>"; };
		DC567FB721425CDC00632749 /* Default.swift */ = {isa = PBXFileReference; lastKnownFileType = sourcecode.swift; path = Default.swift; sourceTree = "<group>"; };
		DC890932214651C50050CAD2 /* Map.swift */ = {isa = PBXFileReference; lastKnownFileType = sourcecode.swift; path = Map.swift; sourceTree = "<group>"; };
		DC974EE921412ECC00FE45CF /* Module.app */ = {isa = PBXFileReference; explicitFileType = wrapper.application; includeInIndex = 0; path = Module.app; sourceTree = BUILT_PRODUCTS_DIR; };
		DC974EEC21412ECC00FE45CF /* AppDelegate.swift */ = {isa = PBXFileReference; lastKnownFileType = sourcecode.swift; path = AppDelegate.swift; sourceTree = "<group>"; };
		DC974EEE21412ECC00FE45CF /* ViewController.swift */ = {isa = PBXFileReference; lastKnownFileType = sourcecode.swift; path = ViewController.swift; sourceTree = "<group>"; };
		DC974EF121412ECC00FE45CF /* Base */ = {isa = PBXFileReference; lastKnownFileType = file.storyboard; name = Base; path = Base.lproj/Main.storyboard; sourceTree = "<group>"; };
		DC974EF321412ED200FE45CF /* Assets.xcassets */ = {isa = PBXFileReference; lastKnownFileType = folder.assetcatalog; path = Assets.xcassets; sourceTree = "<group>"; };
		DC974EF621412ED200FE45CF /* Base */ = {isa = PBXFileReference; lastKnownFileType = file.storyboard; name = Base; path = Base.lproj/LaunchScreen.storyboard; sourceTree = "<group>"; };
		DC974EF821412ED200FE45CF /* Info.plist */ = {isa = PBXFileReference; lastKnownFileType = text.plist.xml; path = Info.plist; sourceTree = "<group>"; };
		DC974EFD21412ED200FE45CF /* ModuleTests.xctest */ = {isa = PBXFileReference; explicitFileType = wrapper.cfbundle; includeInIndex = 0; path = ModuleTests.xctest; sourceTree = BUILT_PRODUCTS_DIR; };
		DC974F0121412ED200FE45CF /* ModuleTests.swift */ = {isa = PBXFileReference; lastKnownFileType = sourcecode.swift; path = ModuleTests.swift; sourceTree = "<group>"; };
		DC974F0321412ED200FE45CF /* Info.plist */ = {isa = PBXFileReference; lastKnownFileType = text.plist.xml; path = Info.plist; sourceTree = "<group>"; };
		DC974F0821412ED300FE45CF /* ModuleUITests.xctest */ = {isa = PBXFileReference; explicitFileType = wrapper.cfbundle; includeInIndex = 0; path = ModuleUITests.xctest; sourceTree = BUILT_PRODUCTS_DIR; };
		DC974F0C21412ED300FE45CF /* ModuleUITests.swift */ = {isa = PBXFileReference; lastKnownFileType = sourcecode.swift; path = ModuleUITests.swift; sourceTree = "<group>"; };
		DC974F0E21412ED300FE45CF /* Info.plist */ = {isa = PBXFileReference; lastKnownFileType = text.plist.xml; path = Info.plist; sourceTree = "<group>"; };
		DC974F1A2141435F00FE45CF /* Login.swift */ = {isa = PBXFileReference; lastKnownFileType = sourcecode.swift; path = Login.swift; sourceTree = "<group>"; };
		DCB5BEC1214A389400B03F5E /* SearchResultsController.swift */ = {isa = PBXFileReference; fileEncoding = 4; lastKnownFileType = sourcecode.swift; path = SearchResultsController.swift; sourceTree = "<group>"; };
		F8273227EEF4F36C29E68667 /* Pods_ModuleUITests.framework */ = {isa = PBXFileReference; explicitFileType = wrapper.framework; includeInIndex = 0; path = Pods_ModuleUITests.framework; sourceTree = BUILT_PRODUCTS_DIR; };
/* End PBXFileReference section */

/* Begin PBXFrameworksBuildPhase section */
		DC974EE621412ECC00FE45CF /* Frameworks */ = {
			isa = PBXFrameworksBuildPhase;
			buildActionMask = 2147483647;
			files = (
				B18FEA7BD81BD8290737BD04 /* Pods_Module.framework in Frameworks */,
			);
			runOnlyForDeploymentPostprocessing = 0;
		};
		DC974EFA21412ED200FE45CF /* Frameworks */ = {
			isa = PBXFrameworksBuildPhase;
			buildActionMask = 2147483647;
			files = (
				52494282F38CFFCBB0BF92D1 /* Pods_ModuleTests.framework in Frameworks */,
			);
			runOnlyForDeploymentPostprocessing = 0;
		};
		DC974F0521412ED300FE45CF /* Frameworks */ = {
			isa = PBXFrameworksBuildPhase;
			buildActionMask = 2147483647;
			files = (
				15E12C8D094D3142CE26996E /* Pods_ModuleUITests.framework in Frameworks */,
			);
			runOnlyForDeploymentPostprocessing = 0;
		};
/* End PBXFrameworksBuildPhase section */

/* Begin PBXGroup section */
		1E06046C4F318E75F9E15097 /* Pods */ = {
			isa = PBXGroup;
			children = (
				71D14138321179F63425ED54 /* Pods-Module.debug.xcconfig */,
				743C763405080B32E99A3073 /* Pods-Module.release.xcconfig */,
				229FFD2B908A08DE79177598 /* Pods-ModuleTests.debug.xcconfig */,
				CB115034D7AD6A11181D7A73 /* Pods-ModuleTests.release.xcconfig */,
				9223C46FD98849EDDFF71571 /* Pods-ModuleUITests.debug.xcconfig */,
				6066875145EFE0A00E9A6663 /* Pods-ModuleUITests.release.xcconfig */,
			);
			name = Pods;
			sourceTree = "<group>";
		};
		C44056CB1BD4FF9658FBA691 /* Frameworks */ = {
			isa = PBXGroup;
			children = (
				7A4E67382B499B7BD9F7DA80 /* Pods_Module.framework */,
				78DE0CA28492CEFC5E065528 /* Pods_ModuleTests.framework */,
				F8273227EEF4F36C29E68667 /* Pods_ModuleUITests.framework */,
			);
			name = Frameworks;
			sourceTree = "<group>";
		};
		DC974EE021412ECC00FE45CF = {
			isa = PBXGroup;
			children = (
				DC974EEB21412ECC00FE45CF /* Module */,
				DC974F0021412ED200FE45CF /* ModuleTests */,
				DC974F0B21412ED300FE45CF /* ModuleUITests */,
				DC974EEA21412ECC00FE45CF /* Products */,
				1E06046C4F318E75F9E15097 /* Pods */,
				C44056CB1BD4FF9658FBA691 /* Frameworks */,
			);
			sourceTree = "<group>";
		};
		DC974EEA21412ECC00FE45CF /* Products */ = {
			isa = PBXGroup;
			children = (
				DC974EE921412ECC00FE45CF /* Module.app */,
				DC974EFD21412ED200FE45CF /* ModuleTests.xctest */,
				DC974F0821412ED300FE45CF /* ModuleUITests.xctest */,
			);
			name = Products;
			sourceTree = "<group>";
		};
		DC974EEB21412ECC00FE45CF /* Module */ = {
			isa = PBXGroup;
			children = (
				DC974EEC21412ECC00FE45CF /* AppDelegate.swift */,
				DC974EEE21412ECC00FE45CF /* ViewController.swift */,
				DC974EF021412ECC00FE45CF /* Main.storyboard */,
				DC890932214651C50050CAD2 /* Map.swift */,
				DC567FB721425CDC00632749 /* Default.swift */,
				DC567FB5214252AA00632749 /* Register.swift */,
				DC974F1A2141435F00FE45CF /* Login.swift */,
				DCB5BEC1214A389400B03F5E /* SearchResultsController.swift */,
				DC974EF321412ED200FE45CF /* Assets.xcassets */,
				DC974EF521412ED200FE45CF /* LaunchScreen.storyboard */,
				DC974EF821412ED200FE45CF /* Info.plist */,
			);
			path = Module;
			sourceTree = "<group>";
		};
		DC974F0021412ED200FE45CF /* ModuleTests */ = {
			isa = PBXGroup;
			children = (
				DC974F0121412ED200FE45CF /* ModuleTests.swift */,
				DC974F0321412ED200FE45CF /* Info.plist */,
			);
			path = ModuleTests;
			sourceTree = "<group>";
		};
		DC974F0B21412ED300FE45CF /* ModuleUITests */ = {
			isa = PBXGroup;
			children = (
				DC974F0C21412ED300FE45CF /* ModuleUITests.swift */,
				DC974F0E21412ED300FE45CF /* Info.plist */,
			);
			path = ModuleUITests;
			sourceTree = "<group>";
		};
/* End PBXGroup section */

/* Begin PBXNativeTarget section */
		DC974EE821412ECC00FE45CF /* Module */ = {
			isa = PBXNativeTarget;
			buildConfigurationList = DC974F1121412ED300FE45CF /* Build configuration list for PBXNativeTarget "Module" */;
			buildPhases = (
				586AC9957CB2F8D3B6F96844 /* [CP] Check Pods Manifest.lock */,
				DC974EE521412ECC00FE45CF /* Sources */,
				DC974EE621412ECC00FE45CF /* Frameworks */,
				DC974EE721412ECC00FE45CF /* Resources */,
				513E7F86846F8D937341C8F1 /* [CP] Copy Pods Resources */,
			);
			buildRules = (
			);
			dependencies = (
			);
			name = Module;
			productName = Module;
			productReference = DC974EE921412ECC00FE45CF /* Module.app */;
			productType = "com.apple.product-type.application";
		};
		DC974EFC21412ED200FE45CF /* ModuleTests */ = {
			isa = PBXNativeTarget;
			buildConfigurationList = DC974F1421412ED300FE45CF /* Build configuration list for PBXNativeTarget "ModuleTests" */;
			buildPhases = (
				5D1E3A578C86173D4D9288B9 /* [CP] Check Pods Manifest.lock */,
				DC974EF921412ED200FE45CF /* Sources */,
				DC974EFA21412ED200FE45CF /* Frameworks */,
				DC974EFB21412ED200FE45CF /* Resources */,
			);
			buildRules = (
			);
			dependencies = (
				DC974EFF21412ED200FE45CF /* PBXTargetDependency */,
			);
			name = ModuleTests;
			productName = ModuleTests;
			productReference = DC974EFD21412ED200FE45CF /* ModuleTests.xctest */;
			productType = "com.apple.product-type.bundle.unit-test";
		};
		DC974F0721412ED300FE45CF /* ModuleUITests */ = {
			isa = PBXNativeTarget;
			buildConfigurationList = DC974F1721412ED300FE45CF /* Build configuration list for PBXNativeTarget "ModuleUITests" */;
			buildPhases = (
				A939019D317E0B359EB07F4A /* [CP] Check Pods Manifest.lock */,
				DC974F0421412ED300FE45CF /* Sources */,
				DC974F0521412ED300FE45CF /* Frameworks */,
				DC974F0621412ED300FE45CF /* Resources */,
			);
			buildRules = (
			);
			dependencies = (
				DC974F0A21412ED300FE45CF /* PBXTargetDependency */,
			);
			name = ModuleUITests;
			productName = ModuleUITests;
			productReference = DC974F0821412ED300FE45CF /* ModuleUITests.xctest */;
			productType = "com.apple.product-type.bundle.ui-testing";
		};
/* End PBXNativeTarget section */

/* Begin PBXProject section */
		DC974EE121412ECC00FE45CF /* Project object */ = {
			isa = PBXProject;
			attributes = {
				LastSwiftUpdateCheck = 0940;
				LastUpgradeCheck = 0940;
				ORGANIZATIONNAME = "vishal singh";
				TargetAttributes = {
					DC974EE821412ECC00FE45CF = {
						CreatedOnToolsVersion = 9.4.1;
					};
					DC974EFC21412ED200FE45CF = {
						CreatedOnToolsVersion = 9.4.1;
						TestTargetID = DC974EE821412ECC00FE45CF;
					};
					DC974F0721412ED300FE45CF = {
						CreatedOnToolsVersion = 9.4.1;
						TestTargetID = DC974EE821412ECC00FE45CF;
					};
				};
			};
			buildConfigurationList = DC974EE421412ECC00FE45CF /* Build configuration list for PBXProject "Module" */;
			compatibilityVersion = "Xcode 9.3";
			developmentRegion = en;
			hasScannedForEncodings = 0;
			knownRegions = (
				en,
				Base,
			);
			mainGroup = DC974EE021412ECC00FE45CF;
			productRefGroup = DC974EEA21412ECC00FE45CF /* Products */;
			projectDirPath = "";
			projectRoot = "";
			targets = (
				DC974EE821412ECC00FE45CF /* Module */,
				DC974EFC21412ED200FE45CF /* ModuleTests */,
				DC974F0721412ED300FE45CF /* ModuleUITests */,
			);
		};
/* End PBXProject section */

/* Begin PBXResourcesBuildPhase section */
		DC974EE721412ECC00FE45CF /* Resources */ = {
			isa = PBXResourcesBuildPhase;
			buildActionMask = 2147483647;
			files = (
				DC974EF721412ED200FE45CF /* LaunchScreen.storyboard in Resources */,
				DC974EF421412ED200FE45CF /* Assets.xcassets in Resources */,
				DC974EF221412ECC00FE45CF /* Main.storyboard in Resources */,
			);
			runOnlyForDeploymentPostprocessing = 0;
		};
		DC974EFB21412ED200FE45CF /* Resources */ = {
			isa = PBXResourcesBuildPhase;
			buildActionMask = 2147483647;
			files = (
			);
			runOnlyForDeploymentPostprocessing = 0;
		};
		DC974F0621412ED300FE45CF /* Resources */ = {
			isa = PBXResourcesBuildPhase;
			buildActionMask = 2147483647;
			files = (
			);
			runOnlyForDeploymentPostprocessing = 0;
		};
/* End PBXResourcesBuildPhase section */

/* Begin PBXShellScriptBuildPhase section */
		513E7F86846F8D937341C8F1 /* [CP] Copy Pods Resources */ = {
			isa = PBXShellScriptBuildPhase;
			buildActionMask = 2147483647;
			files = (
			);
			inputPaths = (
				"${SRCROOT}/Pods/Target Support Files/Pods-Module/Pods-Module-resources.sh",
				"${PODS_ROOT}/GoogleMaps/Maps/Frameworks/GoogleMaps.framework/Resources/GoogleMaps.bundle",
				"${PODS_ROOT}/GooglePlaces/Frameworks/GooglePlaces.framework/Resources/GooglePlaces.bundle",
			);
			name = "[CP] Copy Pods Resources";
			outputPaths = (
				"${TARGET_BUILD_DIR}/${UNLOCALIZED_RESOURCES_FOLDER_PATH}/GoogleMaps.bundle",
				"${TARGET_BUILD_DIR}/${UNLOCALIZED_RESOURCES_FOLDER_PATH}/GooglePlaces.bundle",
			);
			runOnlyForDeploymentPostprocessing = 0;
			shellPath = /bin/sh;
			shellScript = "\"${SRCROOT}/Pods/Target Support Files/Pods-Module/Pods-Module-resources.sh\"\n";
			showEnvVarsInLog = 0;
		};
		586AC9957CB2F8D3B6F96844 /* [CP] Check Pods Manifest.lock */ = {
			isa = PBXShellScriptBuildPhase;
			buildActionMask = 2147483647;
			files = (
			);
			inputPaths = (
				"${PODS_PODFILE_DIR_PATH}/Podfile.lock",
				"${PODS_ROOT}/Manifest.lock",
			);
			name = "[CP] Check Pods Manifest.lock";
			outputPaths = (
				"$(DERIVED_FILE_DIR)/Pods-Module-checkManifestLockResult.txt",
			);
			runOnlyForDeploymentPostprocessing = 0;
			shellPath = /bin/sh;
			shellScript = "diff \"${PODS_PODFILE_DIR_PATH}/Podfile.lock\" \"${PODS_ROOT}/Manifest.lock\" > /dev/null\nif [ $? != 0 ] ; then\n    # print error to STDERR\n    echo \"error: The sandbox is not in sync with the Podfile.lock. Run 'pod install' or update your CocoaPods installation.\" >&2\n    exit 1\nfi\n# This output is used by Xcode 'outputs' to avoid re-running this script phase.\necho \"SUCCESS\" > \"${SCRIPT_OUTPUT_FILE_0}\"\n";
			showEnvVarsInLog = 0;
		};
		5D1E3A578C86173D4D9288B9 /* [CP] Check Pods Manifest.lock */ = {
			isa = PBXShellScriptBuildPhase;
			buildActionMask = 2147483647;
			files = (
			);
			inputPaths = (
				"${PODS_PODFILE_DIR_PATH}/Podfile.lock",
				"${PODS_ROOT}/Manifest.lock",
			);
			name = "[CP] Check Pods Manifest.lock";
			outputPaths = (
				"$(DERIVED_FILE_DIR)/Pods-ModuleTests-checkManifestLockResult.txt",
			);
			runOnlyForDeploymentPostprocessing = 0;
			shellPath = /bin/sh;
			shellScript = "diff \"${PODS_PODFILE_DIR_PATH}/Podfile.lock\" \"${PODS_ROOT}/Manifest.lock\" > /dev/null\nif [ $? != 0 ] ; then\n    # print error to STDERR\n    echo \"error: The sandbox is not in sync with the Podfile.lock. Run 'pod install' or update your CocoaPods installation.\" >&2\n    exit 1\nfi\n# This output is used by Xcode 'outputs' to avoid re-running this script phase.\necho \"SUCCESS\" > \"${SCRIPT_OUTPUT_FILE_0}\"\n";
			showEnvVarsInLog = 0;
		};
		A939019D317E0B359EB07F4A /* [CP] Check Pods Manifest.lock */ = {
			isa = PBXShellScriptBuildPhase;
			buildActionMask = 2147483647;
			files = (
			);
			inputPaths = (
				"${PODS_PODFILE_DIR_PATH}/Podfile.lock",
				"${PODS_ROOT}/Manifest.lock",
			);
			name = "[CP] Check Pods Manifest.lock";
			outputPaths = (
				"$(DERIVED_FILE_DIR)/Pods-ModuleUITests-checkManifestLockResult.txt",
			);
			runOnlyForDeploymentPostprocessing = 0;
			shellPath = /bin/sh;
			shellScript = "diff \"${PODS_PODFILE_DIR_PATH}/Podfile.lock\" \"${PODS_ROOT}/Manifest.lock\" > /dev/null\nif [ $? != 0 ] ; then\n    # print error to STDERR\n    echo \"error: The sandbox is not in sync with the Podfile.lock. Run 'pod install' or update your CocoaPods installation.\" >&2\n    exit 1\nfi\n# This output is used by Xcode 'outputs' to avoid re-running this script phase.\necho \"SUCCESS\" > \"${SCRIPT_OUTPUT_FILE_0}\"\n";
			showEnvVarsInLog = 0;
		};
/* End PBXShellScriptBuildPhase section */

/* Begin PBXSourcesBuildPhase section */
		DC974EE521412ECC00FE45CF /* Sources */ = {
			isa = PBXSourcesBuildPhase;
			buildActionMask = 2147483647;
			files = (
				DC567FB821425CDC00632749 /* Default.swift in Sources */,
				DC974F1B2141435F00FE45CF /* Login.swift in Sources */,
				DC974EEF21412ECC00FE45CF /* ViewController.swift in Sources */,
				DCB5BEC2214A389500B03F5E /* SearchResultsController.swift in Sources */,
				DC567FB6214252AA00632749 /* Register.swift in Sources */,
				DC890933214651C50050CAD2 /* Map.swift in Sources */,
				DC974EED21412ECC00FE45CF /* AppDelegate.swift in Sources */,
			);
			runOnlyForDeploymentPostprocessing = 0;
		};
		DC974EF921412ED200FE45CF /* Sources */ = {
			isa = PBXSourcesBuildPhase;
			buildActionMask = 2147483647;
			files = (
				DC974F0221412ED200FE45CF /* ModuleTests.swift in Sources */,
			);
			runOnlyForDeploymentPostprocessing = 0;
		};
		DC974F0421412ED300FE45CF /* Sources */ = {
			isa = PBXSourcesBuildPhase;
			buildActionMask = 2147483647;
			files = (
				DC974F0D21412ED300FE45CF /* ModuleUITests.swift in Sources */,
			);
			runOnlyForDeploymentPostprocessing = 0;
		};
/* End PBXSourcesBuildPhase section */

/* Begin PBXTargetDependency section */
		DC974EFF21412ED200FE45CF /* PBXTargetDependency */ = {
			isa = PBXTargetDependency;
			target = DC974EE821412ECC00FE45CF /* Module */;
			targetProxy = DC974EFE21412ED200FE45CF /* PBXContainerItemProxy */;
		};
		DC974F0A21412ED300FE45CF /* PBXTargetDependency */ = {
			isa = PBXTargetDependency;
			target = DC974EE821412ECC00FE45CF /* Module */;
			targetProxy = DC974F0921412ED300FE45CF /* PBXContainerItemProxy */;
		};
/* End PBXTargetDependency section */

/* Begin PBXVariantGroup section */
		DC974EF021412ECC00FE45CF /* Main.storyboard */ = {
			isa = PBXVariantGroup;
			children = (
				DC974EF121412ECC00FE45CF /* Base */,
			);
			name = Main.storyboard;
			sourceTree = "<group>";
		};
		DC974EF521412ED200FE45CF /* LaunchScreen.storyboard */ = {
			isa = PBXVariantGroup;
			children = (
				DC974EF621412ED200FE45CF /* Base */,
			);
			name = LaunchScreen.storyboard;
			sourceTree = "<group>";
		};
/* End PBXVariantGroup section */

/* Begin XCBuildConfiguration section */
		DC974F0F21412ED300FE45CF /* Debug */ = {
			isa = XCBuildConfiguration;
			buildSettings = {
				ALWAYS_SEARCH_USER_PATHS = NO;
				CLANG_ANALYZER_NONNULL = YES;
				CLANG_ANALYZER_NUMBER_OBJECT_CONVERSION = YES_AGGRESSIVE;
				CLANG_CXX_LANGUAGE_STANDARD = "gnu++14";
				CLANG_CXX_LIBRARY = "libc++";
				CLANG_ENABLE_MODULES = YES;
				CLANG_ENABLE_OBJC_ARC = YES;
				CLANG_ENABLE_OBJC_WEAK = YES;
				CLANG_WARN_BLOCK_CAPTURE_AUTORELEASING = YES;
				CLANG_WARN_BOOL_CONVERSION = YES;
				CLANG_WARN_COMMA = YES;
				CLANG_WARN_CONSTANT_CONVERSION = YES;
				CLANG_WARN_DEPRECATED_OBJC_IMPLEMENTATIONS = YES;
				CLANG_WARN_DIRECT_OBJC_ISA_USAGE = YES_ERROR;
				CLANG_WARN_DOCUMENTATION_COMMENTS = YES;
				CLANG_WARN_EMPTY_BODY = YES;
				CLANG_WARN_ENUM_CONVERSION = YES;
				CLANG_WARN_INFINITE_RECURSION = YES;
				CLANG_WARN_INT_CONVERSION = YES;
				CLANG_WARN_NON_LITERAL_NULL_CONVERSION = YES;
				CLANG_WARN_OBJC_IMPLICIT_RETAIN_SELF = YES;
				CLANG_WARN_OBJC_LITERAL_CONVERSION = YES;
				CLANG_WARN_OBJC_ROOT_CLASS = YES_ERROR;
				CLANG_WARN_RANGE_LOOP_ANALYSIS = YES;
				CLANG_WARN_STRICT_PROTOTYPES = YES;
				CLANG_WARN_SUSPICIOUS_MOVE = YES;
				CLANG_WARN_UNGUARDED_AVAILABILITY = YES_AGGRESSIVE;
				CLANG_WARN_UNREACHABLE_CODE = YES;
				CLANG_WARN__DUPLICATE_METHOD_MATCH = YES;
				CODE_SIGN_IDENTITY = "iPhone Developer";
				COPY_PHASE_STRIP = NO;
				DEBUG_INFORMATION_FORMAT = dwarf;
				ENABLE_STRICT_OBJC_MSGSEND = YES;
				ENABLE_TESTABILITY = YES;
				GCC_C_LANGUAGE_STANDARD = gnu11;
				GCC_DYNAMIC_NO_PIC = NO;
				GCC_NO_COMMON_BLOCKS = YES;
				GCC_OPTIMIZATION_LEVEL = 0;
				GCC_PREPROCESSOR_DEFINITIONS = (
					"DEBUG=1",
					"$(inherited)",
				);
				GCC_WARN_64_TO_32_BIT_CONVERSION = YES;
				GCC_WARN_ABOUT_RETURN_TYPE = YES_ERROR;
				GCC_WARN_UNDECLARED_SELECTOR = YES;
				GCC_WARN_UNINITIALIZED_AUTOS = YES_AGGRESSIVE;
				GCC_WARN_UNUSED_FUNCTION = YES;
				GCC_WARN_UNUSED_VARIABLE = YES;
				IPHONEOS_DEPLOYMENT_TARGET = 11.4;
				MTL_ENABLE_DEBUG_INFO = YES;
				ONLY_ACTIVE_ARCH = YES;
				SDKROOT = iphoneos;
				SWIFT_ACTIVE_COMPILATION_CONDITIONS = DEBUG;
				SWIFT_OPTIMIZATION_LEVEL = "-Onone";
			};
			name = Debug;
		};
		DC974F1021412ED300FE45CF /* Release */ = {
			isa = XCBuildConfiguration;
			buildSettings = {
				ALWAYS_SEARCH_USER_PATHS = NO;
				CLANG_ANALYZER_NONNULL = YES;
				CLANG_ANALYZER_NUMBER_OBJECT_CONVERSION = YES_AGGRESSIVE;
				CLANG_CXX_LANGUAGE_STANDARD = "gnu++14";
				CLANG_CXX_LIBRARY = "libc++";
				CLANG_ENABLE_MODULES = YES;
				CLANG_ENABLE_OBJC_ARC = YES;
				CLANG_ENABLE_OBJC_WEAK = YES;
				CLANG_WARN_BLOCK_CAPTURE_AUTORELEASING = YES;
				CLANG_WARN_BOOL_CONVERSION = YES;
				CLANG_WARN_COMMA = YES;
				CLANG_WARN_CONSTANT_CONVERSION = YES;
				CLANG_WARN_DEPRECATED_OBJC_IMPLEMENTATIONS = YES;
				CLANG_WARN_DIRECT_OBJC_ISA_USAGE = YES_ERROR;
				CLANG_WARN_DOCUMENTATION_COMMENTS = YES;
				CLANG_WARN_EMPTY_BODY = YES;
				CLANG_WARN_ENUM_CONVERSION = YES;
				CLANG_WARN_INFINITE_RECURSION = YES;
				CLANG_WARN_INT_CONVERSION = YES;
				CLANG_WARN_NON_LITERAL_NULL_CONVERSION = YES;
				CLANG_WARN_OBJC_IMPLICIT_RETAIN_SELF = YES;
				CLANG_WARN_OBJC_LITERAL_CONVERSION = YES;
				CLANG_WARN_OBJC_ROOT_CLASS = YES_ERROR;
				CLANG_WARN_RANGE_LOOP_ANALYSIS = YES;
				CLANG_WARN_STRICT_PROTOTYPES = YES;
				CLANG_WARN_SUSPICIOUS_MOVE = YES;
				CLANG_WARN_UNGUARDED_AVAILABILITY = YES_AGGRESSIVE;
				CLANG_WARN_UNREACHABLE_CODE = YES;
				CLANG_WARN__DUPLICATE_METHOD_MATCH = YES;
				CODE_SIGN_IDENTITY = "iPhone Developer";
				COPY_PHASE_STRIP = NO;
				DEBUG_INFORMATION_FORMAT = "dwarf-with-dsym";
				ENABLE_NS_ASSERTIONS = NO;
				ENABLE_STRICT_OBJC_MSGSEND = YES;
				GCC_C_LANGUAGE_STANDARD = gnu11;
				GCC_NO_COMMON_BLOCKS = YES;
				GCC_WARN_64_TO_32_BIT_CONVERSION = YES;
				GCC_WARN_ABOUT_RETURN_TYPE = YES_ERROR;
				GCC_WARN_UNDECLARED_SELECTOR = YES;
				GCC_WARN_UNINITIALIZED_AUTOS = YES_AGGRESSIVE;
				GCC_WARN_UNUSED_FUNCTION = YES;
				GCC_WARN_UNUSED_VARIABLE = YES;
				IPHONEOS_DEPLOYMENT_TARGET = 11.4;
				MTL_ENABLE_DEBUG_INFO = NO;
				SDKROOT = iphoneos;
				SWIFT_COMPILATION_MODE = wholemodule;
				SWIFT_OPTIMIZATION_LEVEL = "-O";
				VALIDATE_PRODUCT = YES;
			};
			name = Release;
		};
		DC974F1221412ED300FE45CF /* Debug */ = {
			isa = XCBuildConfiguration;
			baseConfigurationReference = 71D14138321179F63425ED54 /* Pods-Module.debug.xcconfig */;
			buildSettings = {
				ASSETCATALOG_COMPILER_APPICON_NAME = AppIcon;
				CODE_SIGN_STYLE = Automatic;
				INFOPLIST_FILE = Module/Info.plist;
				IPHONEOS_DEPLOYMENT_TARGET = 9.0;
				LD_RUNPATH_SEARCH_PATHS = (
					"$(inherited)",
					"@executable_path/Frameworks",
				);
				PRODUCT_BUNDLE_IDENTIFIER = com.new.Module;
				PRODUCT_NAME = "$(TARGET_NAME)";
				SWIFT_VERSION = 4.0;
				TARGETED_DEVICE_FAMILY = 1;
			};
			name = Debug;
		};
		DC974F1321412ED300FE45CF /* Release */ = {
			isa = XCBuildConfiguration;
			baseConfigurationReference = 743C763405080B32E99A3073 /* Pods-Module.release.xcconfig */;
			buildSettings = {
				ASSETCATALOG_COMPILER_APPICON_NAME = AppIcon;
				CODE_SIGN_STYLE = Automatic;
				INFOPLIST_FILE = Module/Info.plist;
				IPHONEOS_DEPLOYMENT_TARGET = 9.0;
				LD_RUNPATH_SEARCH_PATHS = (
					"$(inherited)",
					"@executable_path/Frameworks",
				);
				PRODUCT_BUNDLE_IDENTIFIER = com.new.Module;
				PRODUCT_NAME = "$(TARGET_NAME)";
				SWIFT_VERSION = 4.0;
				TARGETED_DEVICE_FAMILY = 1;
			};
			name = Release;
		};
		DC974F1521412ED300FE45CF /* Debug */ = {
			isa = XCBuildConfiguration;
			baseConfigurationReference = 229FFD2B908A08DE79177598 /* Pods-ModuleTests.debug.xcconfig */;
			buildSettings = {
				ALWAYS_EMBED_SWIFT_STANDARD_LIBRARIES = YES;
				BUNDLE_LOADER = "$(TEST_HOST)";
				CODE_SIGN_STYLE = Automatic;
				INFOPLIST_FILE = ModuleTests/Info.plist;
				LD_RUNPATH_SEARCH_PATHS = (
					"$(inherited)",
					"@executable_path/Frameworks",
					"@loader_path/Frameworks",
				);
				PRODUCT_BUNDLE_IDENTIFIER = com.new.ModuleTests;
				PRODUCT_NAME = "$(TARGET_NAME)";
				SWIFT_VERSION = 4.0;
				TARGETED_DEVICE_FAMILY = "1,2";
				TEST_HOST = "$(BUILT_PRODUCTS_DIR)/Module.app/Module";
			};
			name = Debug;
		};
		DC974F1621412ED300FE45CF /* Release */ = {
			isa = XCBuildConfiguration;
			baseConfigurationReference = CB115034D7AD6A11181D7A73 /* Pods-ModuleTests.release.xcconfig */;
			buildSettings = {
				ALWAYS_EMBED_SWIFT_STANDARD_LIBRARIES = YES;
				BUNDLE_LOADER = "$(TEST_HOST)";
				CODE_SIGN_STYLE = Automatic;
				INFOPLIST_FILE = ModuleTests/Info.plist;
				LD_RUNPATH_SEARCH_PATHS = (
					"$(inherited)",
					"@executable_path/Frameworks",
					"@loader_path/Frameworks",
				);
				PRODUCT_BUNDLE_IDENTIFIER = com.new.ModuleTests;
				PRODUCT_NAME = "$(TARGET_NAME)";
				SWIFT_VERSION = 4.0;
				TARGETED_DEVICE_FAMILY = "1,2";
				TEST_HOST = "$(BUILT_PRODUCTS_DIR)/Module.app/Module";
			};
			name = Release;
		};
		DC974F1821412ED300FE45CF /* Debug */ = {
			isa = XCBuildConfiguration;
			baseConfigurationReference = 9223C46FD98849EDDFF71571 /* Pods-ModuleUITests.debug.xcconfig */;
			buildSettings = {
				ALWAYS_EMBED_SWIFT_STANDARD_LIBRARIES = YES;
				CODE_SIGN_STYLE = Automatic;
				INFOPLIST_FILE = ModuleUITests/Info.plist;
				LD_RUNPATH_SEARCH_PATHS = (
					"$(inherited)",
					"@executable_path/Frameworks",
					"@loader_path/Frameworks",
				);
				PRODUCT_BUNDLE_IDENTIFIER = com.new.ModuleUITests;
				PRODUCT_NAME = "$(TARGET_NAME)";
				SWIFT_VERSION = 4.0;
				TARGETED_DEVICE_FAMILY = "1,2";
				TEST_TARGET_NAME = Module;
			};
			name = Debug;
		};
		DC974F1921412ED300FE45CF /* Release */ = {
			isa = XCBuildConfiguration;
			baseConfigurationReference = 6066875145EFE0A00E9A6663 /* Pods-ModuleUITests.release.xcconfig */;
			buildSettings = {
				ALWAYS_EMBED_SWIFT_STANDARD_LIBRARIES = YES;
				CODE_SIGN_STYLE = Automatic;
				INFOPLIST_FILE = ModuleUITests/Info.plist;
				LD_RUNPATH_SEARCH_PATHS = (
					"$(inherited)",
					"@executable_path/Frameworks",
					"@loader_path/Frameworks",
				);
				PRODUCT_BUNDLE_IDENTIFIER = com.new.ModuleUITests;
				PRODUCT_NAME = "$(TARGET_NAME)";
				SWIFT_VERSION = 4.0;
				TARGETED_DEVICE_FAMILY = "1,2";
				TEST_TARGET_NAME = Module;
			};
			name = Release;
		};
/* End XCBuildConfiguration section */

/* Begin XCConfigurationList section */
		DC974EE421412ECC00FE45CF /* Build configuration list for PBXProject "Module" */ = {
			isa = XCConfigurationList;
			buildConfigurations = (
				DC974F0F21412ED300FE45CF /* Debug */,
				DC974F1021412ED300FE45CF /* Release */,
			);
			defaultConfigurationIsVisible = 0;
			defaultConfigurationName = Release;
		};
		DC974F1121412ED300FE45CF /* Build configuration list for PBXNativeTarget "Module" */ = {
			isa = XCConfigurationList;
			buildConfigurations = (
				DC974F1221412ED300FE45CF /* Debug */,
				DC974F1321412ED300FE45CF /* Release */,
			);
			defaultConfigurationIsVisible = 0;
			defaultConfigurationName = Release;
		};
		DC974F1421412ED300FE45CF /* Build configuration list for PBXNativeTarget "ModuleTests" */ = {
			isa = XCConfigurationList;
			buildConfigurations = (
				DC974F1521412ED300FE45CF /* Debug */,
				DC974F1621412ED300FE45CF /* Release */,
			);
			defaultConfigurationIsVisible = 0;
			defaultConfigurationName = Release;
		};
		DC974F1721412ED300FE45CF /* Build configuration list for PBXNativeTarget "ModuleUITests" */ = {
			isa = XCConfigurationList;
			buildConfigurations = (
				DC974F1821412ED300FE45CF /* Debug */,
				DC974F1921412ED300FE45CF /* Release */,
			);
			defaultConfigurationIsVisible = 0;
			defaultConfigurationName = Release;
		};
/* End XCConfigurationList section */
	};
	rootObject = DC974EE121412ECC00FE45CF /* Project object */;
}
